
Microsoft Visual Studio Solution File, Format Version 12.00
# Visual Studio 15
VisualStudioVersion = 15.0.27703.2026
MinimumVisualStudioVersion = 10.0.40219.1
Project("{FAE04EC0-301F-11D3-BF4B-00C04F79EFBC}") = "pigpot", "pigpot\pigpot.csproj", "{67ADC101-7514-4D19-966D-E18C1ED2DDAC}"
EndProject
Global
	GlobalSection(SolutionConfigurationPlatforms) = preSolution
		Debug|Any CPU = Debug|Any CPU
		Release|Any CPU = Release|Any CPU
	EndGlobalSection
	GlobalSection(ProjectConfigurationPlatforms) = postSolution
		{67ADC101-7514-4D19-966D-E18C1ED2DDAC}.Debug|Any CPU.ActiveCfg = Debug|Any CPU
		{67ADC101-7514-4D19-966D-E18C1ED2DDAC}.Debug|Any CPU.Build.0 = Debug|Any CPU
		{67ADC101-7514-4D19-966D-E18C1ED2DDAC}.Release|Any CPU.ActiveCfg = Release|Any CPU
		{67ADC101-7514-4D19-966D-E18C1ED2DDAC}.Release|Any CPU.Build.0 = Release|Any CPU
	EndGlobalSection
	GlobalSection(SolutionProperties) = preSolution
		HideSolutionNode = FALSE
	EndGlobalSection
	GlobalSection(ExtensibilityGlobals) = postSolution
		SolutionGuid = {0AE4A98D-D350-40A9-8149-0D8F30B3FF9D}
	EndGlobalSection
EndGlobal
