
Microsoft Visual Studio Solution File, Format Version 12.00
# Visual Studio 15
VisualStudioVersion = 15.0.27703.2026
MinimumVisualStudioVersion = 10.0.40219.1
Project("{FAE04EC0-301F-11D3-BF4B-00C04F79EFBC}") = "Pigpot", "src\Pigpot\Pigpot.csproj", "{50FB64EB-2AC3-44A6-9665-0135614D6461}"
EndProject
Project("{FAE04EC0-301F-11D3-BF4B-00C04F79EFBC}") = "Pigpot.ClientApp", "src\Pigpot.ClientApp\Pigpot.ClientApp.csproj", "{CF7F77D4-51B1-4D00-A16E-EACE48356032}"
EndProject
Global
	GlobalSection(SolutionConfigurationPlatforms) = preSolution
		Debug|Any CPU = Debug|Any CPU
		Release|Any CPU = Release|Any CPU
	EndGlobalSection
	GlobalSection(ProjectConfigurationPlatforms) = postSolution
		{50FB64EB-2AC3-44A6-9665-0135614D6461}.Debug|Any CPU.ActiveCfg = Debug|Any CPU
		{50FB64EB-2AC3-44A6-9665-0135614D6461}.Debug|Any CPU.Build.0 = Debug|Any CPU
		{50FB64EB-2AC3-44A6-9665-0135614D6461}.Release|Any CPU.ActiveCfg = Release|Any CPU
		{50FB64EB-2AC3-44A6-9665-0135614D6461}.Release|Any CPU.Build.0 = Release|Any CPU
		{CF7F77D4-51B1-4D00-A16E-EACE48356032}.Debug|Any CPU.ActiveCfg = Debug|Any CPU
		{CF7F77D4-51B1-4D00-A16E-EACE48356032}.Debug|Any CPU.Build.0 = Debug|Any CPU
		{CF7F77D4-51B1-4D00-A16E-EACE48356032}.Release|Any CPU.ActiveCfg = Release|Any CPU
		{CF7F77D4-51B1-4D00-A16E-EACE48356032}.Release|Any CPU.Build.0 = Release|Any CPU
	EndGlobalSection
	GlobalSection(SolutionProperties) = preSolution
		HideSolutionNode = FALSE
	EndGlobalSection
	GlobalSection(ExtensibilityGlobals) = postSolution
		SolutionGuid = {0AE4A98D-D350-40A9-8149-0D8F30B3FF9D}
	EndGlobalSection
EndGlobal
